
Microsoft Visual Studio Solution File, Format Version 12.00
# Visual Studio 14
VisualStudioVersion = 14.0.23107.0
MinimumVisualStudioVersion = 10.0.40219.1
Project("{FAE04EC0-301F-11D3-BF4B-00C04F79EFBC}") = "IdentityServer", "IdentityServer\IdentityServer.csproj", "{F2AF6CD0-7A39-4D0E-8654-CC95B3B1A4EA}"
EndProject
Project("{FAE04EC0-301F-11D3-BF4B-00C04F79EFBC}") = "SPA_Client", "SPA_Client\SPA_Client.csproj", "{80CC146E-667D-4EE3-8667-C9CB1968EE07}"
EndProject
Project("{FAE04EC0-301F-11D3-BF4B-00C04F79EFBC}") = "ASPIdentity", "ASPIdentity\ASPIdentity.csproj", "{022A71A9-DF11-47F9-AEC0-0750865BC357}"
EndProject
Project("{FAE04EC0-301F-11D3-BF4B-00C04F79EFBC}") = "SimpleWebApi3", "SimpleWebApi3\SimpleWebApi3.csproj", "{4424F82A-B4D4-4F92-917E-DA015492D400}"
EndProject
Project("{FAE04EC0-301F-11D3-BF4B-00C04F79EFBC}") = "SimpleWebApi", "SimpleWebApi\SimpleWebApi.csproj", "{190E73AD-2817-4851-B111-A4E86438CB06}"
EndProject
Global
	GlobalSection(SolutionConfigurationPlatforms) = preSolution
		Debug|Any CPU = Debug|Any CPU
		Release|Any CPU = Release|Any CPU
	EndGlobalSection
	GlobalSection(ProjectConfigurationPlatforms) = postSolution
		{F2AF6CD0-7A39-4D0E-8654-CC95B3B1A4EA}.Debug|Any CPU.ActiveCfg = Debug|Any CPU
		{F2AF6CD0-7A39-4D0E-8654-CC95B3B1A4EA}.Debug|Any CPU.Build.0 = Debug|Any CPU
		{F2AF6CD0-7A39-4D0E-8654-CC95B3B1A4EA}.Release|Any CPU.ActiveCfg = Release|Any CPU
		{F2AF6CD0-7A39-4D0E-8654-CC95B3B1A4EA}.Release|Any CPU.Build.0 = Release|Any CPU
		{80CC146E-667D-4EE3-8667-C9CB1968EE07}.Debug|Any CPU.ActiveCfg = Debug|Any CPU
		{80CC146E-667D-4EE3-8667-C9CB1968EE07}.Debug|Any CPU.Build.0 = Debug|Any CPU
		{80CC146E-667D-4EE3-8667-C9CB1968EE07}.Release|Any CPU.ActiveCfg = Release|Any CPU
		{80CC146E-667D-4EE3-8667-C9CB1968EE07}.Release|Any CPU.Build.0 = Release|Any CPU
		{022A71A9-DF11-47F9-AEC0-0750865BC357}.Debug|Any CPU.ActiveCfg = Debug|Any CPU
		{022A71A9-DF11-47F9-AEC0-0750865BC357}.Debug|Any CPU.Build.0 = Debug|Any CPU
		{022A71A9-DF11-47F9-AEC0-0750865BC357}.Release|Any CPU.ActiveCfg = Release|Any CPU
		{022A71A9-DF11-47F9-AEC0-0750865BC357}.Release|Any CPU.Build.0 = Release|Any CPU
		{4424F82A-B4D4-4F92-917E-DA015492D400}.Debug|Any CPU.ActiveCfg = Debug|Any CPU
		{4424F82A-B4D4-4F92-917E-DA015492D400}.Debug|Any CPU.Build.0 = Debug|Any CPU
		{4424F82A-B4D4-4F92-917E-DA015492D400}.Release|Any CPU.ActiveCfg = Release|Any CPU
		{4424F82A-B4D4-4F92-917E-DA015492D400}.Release|Any CPU.Build.0 = Release|Any CPU
		{190E73AD-2817-4851-B111-A4E86438CB06}.Debug|Any CPU.ActiveCfg = Debug|Any CPU
		{190E73AD-2817-4851-B111-A4E86438CB06}.Debug|Any CPU.Build.0 = Debug|Any CPU
		{190E73AD-2817-4851-B111-A4E86438CB06}.Release|Any CPU.ActiveCfg = Release|Any CPU
		{190E73AD-2817-4851-B111-A4E86438CB06}.Release|Any CPU.Build.0 = Release|Any CPU
	EndGlobalSection
	GlobalSection(SolutionProperties) = preSolution
		HideSolutionNode = FALSE
	EndGlobalSection
EndGlobal
